
Microsoft Visual Studio Solution File, Format Version 12.00
# Visual Studio 15
VisualStudioVersion = 15.0.28307.902
MinimumVisualStudioVersion = 10.0.40219.1
Project("{FAE04EC0-301F-11D3-BF4B-00C04F79EFBC}") = "WebProject", "WebProject\WebProject.csproj", "{76E78E95-670D-46AD-8C0F-DFBB818E70A7}"
EndProject
Project("{FAE04EC0-301F-11D3-BF4B-00C04F79EFBC}") = "WebProject.Model", "WebProject.Model\WebProject.Model.csproj", "{7982DBFD-1225-4579-A859-C25B128EC2E1}"
EndProject
Project("{FAE04EC0-301F-11D3-BF4B-00C04F79EFBC}") = "WebProject.BLL", "WebProject.BLL\WebProject.BLL.csproj", "{323AAAE8-B963-465E-9D67-ED3E5F90AF11}"
EndProject
Project("{FAE04EC0-301F-11D3-BF4B-00C04F79EFBC}") = "WebProject.Repository", "WebProject.Repository\WebProject.Repository.csproj", "{BC76CA51-A863-47E2-BAEE-1C92883C5315}"
EndProject
Project("{FAE04EC0-301F-11D3-BF4B-00C04F79EFBC}") = "WebProject.DatabaseContext", "WebProject.DatabaseContext\WebProject.DatabaseContext.csproj", "{745FDE16-3B5E-4E7E-A1F8-06CD59A047FB}"
EndProject
Global
	GlobalSection(SolutionConfigurationPlatforms) = preSolution
		Debug|Any CPU = Debug|Any CPU
		Release|Any CPU = Release|Any CPU
	EndGlobalSection
	GlobalSection(ProjectConfigurationPlatforms) = postSolution
		{76E78E95-670D-46AD-8C0F-DFBB818E70A7}.Debug|Any CPU.ActiveCfg = Debug|Any CPU
		{76E78E95-670D-46AD-8C0F-DFBB818E70A7}.Debug|Any CPU.Build.0 = Debug|Any CPU
		{76E78E95-670D-46AD-8C0F-DFBB818E70A7}.Release|Any CPU.ActiveCfg = Release|Any CPU
		{76E78E95-670D-46AD-8C0F-DFBB818E70A7}.Release|Any CPU.Build.0 = Release|Any CPU
		{7982DBFD-1225-4579-A859-C25B128EC2E1}.Debug|Any CPU.ActiveCfg = Debug|Any CPU
		{7982DBFD-1225-4579-A859-C25B128EC2E1}.Debug|Any CPU.Build.0 = Debug|Any CPU
		{7982DBFD-1225-4579-A859-C25B128EC2E1}.Release|Any CPU.ActiveCfg = Release|Any CPU
		{7982DBFD-1225-4579-A859-C25B128EC2E1}.Release|Any CPU.Build.0 = Release|Any CPU
		{323AAAE8-B963-465E-9D67-ED3E5F90AF11}.Debug|Any CPU.ActiveCfg = Debug|Any CPU
		{323AAAE8-B963-465E-9D67-ED3E5F90AF11}.Debug|Any CPU.Build.0 = Debug|Any CPU
		{323AAAE8-B963-465E-9D67-ED3E5F90AF11}.Release|Any CPU.ActiveCfg = Release|Any CPU
		{323AAAE8-B963-465E-9D67-ED3E5F90AF11}.Release|Any CPU.Build.0 = Release|Any CPU
		{BC76CA51-A863-47E2-BAEE-1C92883C5315}.Debug|Any CPU.ActiveCfg = Debug|Any CPU
		{BC76CA51-A863-47E2-BAEE-1C92883C5315}.Debug|Any CPU.Build.0 = Debug|Any CPU
		{BC76CA51-A863-47E2-BAEE-1C92883C5315}.Release|Any CPU.ActiveCfg = Release|Any CPU
		{BC76CA51-A863-47E2-BAEE-1C92883C5315}.Release|Any CPU.Build.0 = Release|Any CPU
		{745FDE16-3B5E-4E7E-A1F8-06CD59A047FB}.Debug|Any CPU.ActiveCfg = Debug|Any CPU
		{745FDE16-3B5E-4E7E-A1F8-06CD59A047FB}.Debug|Any CPU.Build.0 = Debug|Any CPU
		{745FDE16-3B5E-4E7E-A1F8-06CD59A047FB}.Release|Any CPU.ActiveCfg = Release|Any CPU
		{745FDE16-3B5E-4E7E-A1F8-06CD59A047FB}.Release|Any CPU.Build.0 = Release|Any CPU
	EndGlobalSection
	GlobalSection(SolutionProperties) = preSolution
		HideSolutionNode = FALSE
	EndGlobalSection
	GlobalSection(ExtensibilityGlobals) = postSolution
		SolutionGuid = {96857555-D5B7-4DA3-94E3-47240C45B275}
	EndGlobalSection
EndGlobal
